// !$*UTF8*$!
{
	archiveVersion = 1;
	classes = {
	};
	objectVersion = 46;
	objects = {

/* Begin PBXBuildFile section */
		A452AAD61BDD1F3C00DDBB8C /* AppDelegate.swift in Sources */ = {isa = PBXBuildFile; fileRef = A452AAD51BDD1F3C00DDBB8C /* AppDelegate.swift */; };
		A452AAD81BDD1F3C00DDBB8C /* ViewController.swift in Sources */ = {isa = PBXBuildFile; fileRef = A452AAD71BDD1F3C00DDBB8C /* ViewController.swift */; };
		A452AADB1BDD1F3C00DDBB8C /* Main.storyboard in Resources */ = {isa = PBXBuildFile; fileRef = A452AAD91BDD1F3C00DDBB8C /* Main.storyboard */; };
		A452AADD1BDD1F3C00DDBB8C /* Assets.xcassets in Resources */ = {isa = PBXBuildFile; fileRef = A452AADC1BDD1F3C00DDBB8C /* Assets.xcassets */; };
		A452AAE01BDD1F3C00DDBB8C /* LaunchScreen.storyboard in Resources */ = {isa = PBXBuildFile; fileRef = A452AADE1BDD1F3C00DDBB8C /* LaunchScreen.storyboard */; };
		A452AAE81BDD1F8100DDBB8C /* ShakeTableViewCell.swift in Sources */ = {isa = PBXBuildFile; fileRef = A452AAE71BDD1F8100DDBB8C /* ShakeTableViewCell.swift */; };
/* End PBXBuildFile section */

/* Begin PBXFileReference section */
		A452AAD21BDD1F3C00DDBB8C /* ShakeCell.app */ = {isa = PBXFileReference; explicitFileType = wrapper.application; includeInIndex = 0; path = ShakeCell.app; sourceTree = BUILT_PRODUCTS_DIR; };
		A452AAD51BDD1F3C00DDBB8C /* AppDelegate.swift */ = {isa = PBXFileReference; lastKnownFileType = sourcecode.swift; path = AppDelegate.swift; sourceTree = "<group>"; };
		A452AAD71BDD1F3C00DDBB8C /* ViewController.swift */ = {isa = PBXFileReference; lastKnownFileType = sourcecode.swift; path = ViewController.swift; sourceTree = "<group>"; };
		A452AADA1BDD1F3C00DDBB8C /* Base */ = {isa = PBXFileReference; lastKnownFileType = file.storyboard; name = Base; path = Base.lproj/Main.storyboard; sourceTree = "<group>"; };
		A452AADC1BDD1F3C00DDBB8C /* Assets.xcassets */ = {isa = PBXFileReference; lastKnownFileType = folder.assetcatalog; path = Assets.xcassets; sourceTree = "<group>"; };
		A452AADF1BDD1F3C00DDBB8C /* Base */ = {isa = PBXFileReference; lastKnownFileType = file.storyboard; name = Base; path = Base.lproj/LaunchScreen.storyboard; sourceTree = "<group>"; };
		A452AAE11BDD1F3C00DDBB8C /* Info.plist */ = {isa = PBXFileReference; lastKnownFileType = text.plist.xml; path = Info.plist; sourceTree = "<group>"; };
		A452AAE71BDD1F8100DDBB8C /* ShakeTableViewCell.swift */ = {isa = PBXFileReference; fileEncoding = 4; lastKnownFileType = sourcecode.swift; path = ShakeTableViewCell.swift; sourceTree = "<group>"; };
/* End PBXFileReference section */

/* Begin PBXFrameworksBuildPhase section */
		A452AACF1BDD1F3C00DDBB8C /* Frameworks */ = {
			isa = PBXFrameworksBuildPhase;
			buildActionMask = 2147483647;
			files = (
			);
			runOnlyForDeploymentPostprocessing = 0;
		};
/* End PBXFrameworksBuildPhase section */

/* Begin PBXGroup section */
		A452AAC91BDD1F3C00DDBB8C = {
			isa = PBXGroup;
			children = (
				A452AAD41BDD1F3C00DDBB8C /* ShakeCell */,
				A452AAD31BDD1F3C00DDBB8C /* Products */,
			);
			sourceTree = "<group>";
		};
		A452AAD31BDD1F3C00DDBB8C /* Products */ = {
			isa = PBXGroup;
			children = (
				A452AAD21BDD1F3C00DDBB8C /* ShakeCell.app */,
			);
			name = Products;
			sourceTree = "<group>";
		};
		A452AAD41BDD1F3C00DDBB8C /* ShakeCell */ = {
			isa = PBXGroup;
			children = (
				A452AAD51BDD1F3C00DDBB8C /* AppDelegate.swift */,
				A452AAD71BDD1F3C00DDBB8C /* ViewController.swift */,
				A452AAE71BDD1F8100DDBB8C /* ShakeTableViewCell.swift */,
				A452AAD91BDD1F3C00DDBB8C /* Main.storyboard */,
				A452AADC1BDD1F3C00DDBB8C /* Assets.xcassets */,
				A452AADE1BDD1F3C00DDBB8C /* LaunchScreen.storyboard */,
				A452AAE11BDD1F3C00DDBB8C /* Info.plist */,
			);
			path = ShakeCell;
			sourceTree = "<group>";
		};
/* End PBXGroup section */

/* Begin PBXNativeTarget section */
		A452AAD11BDD1F3C00DDBB8C /* ShakeCell */ = {
			isa = PBXNativeTarget;
			buildConfigurationList = A452AAE41BDD1F3C00DDBB8C /* Build configuration list for PBXNativeTarget "ShakeCell" */;
			buildPhases = (
				A452AACE1BDD1F3C00DDBB8C /* Sources */,
				A452AACF1BDD1F3C00DDBB8C /* Frameworks */,
				A452AAD01BDD1F3C00DDBB8C /* Resources */,
			);
			buildRules = (
			);
			dependencies = (
			);
			name = ShakeCell;
			productName = ShakeCell;
			productReference = A452AAD21BDD1F3C00DDBB8C /* ShakeCell.app */;
			productType = "com.apple.product-type.application";
		};
/* End PBXNativeTarget section */

/* Begin PBXProject section */
		A452AACA1BDD1F3C00DDBB8C /* Project object */ = {
			isa = PBXProject;
			attributes = {
				LastSwiftUpdateCheck = 0710;
				LastUpgradeCheck = 0710;
				ORGANIZATIONNAME = Broccoli;
				TargetAttributes = {
					A452AAD11BDD1F3C00DDBB8C = {
						CreatedOnToolsVersion = 7.1;
					};
				};
			};
			buildConfigurationList = A452AACD1BDD1F3C00DDBB8C /* Build configuration list for PBXProject "ShakeCell" */;
			compatibilityVersion = "Xcode 3.2";
			developmentRegion = English;
			hasScannedForEncodings = 0;
			knownRegions = (
				en,
				Base,
			);
			mainGroup = A452AAC91BDD1F3C00DDBB8C;
			productRefGroup = A452AAD31BDD1F3C00DDBB8C /* Products */;
			projectDirPath = "";
			projectRoot = "";
			targets = (
				A452AAD11BDD1F3C00DDBB8C /* ShakeCell */,
			);
		};
/* End PBXProject section */

/* Begin PBXResourcesBuildPhase section */
		A452AAD01BDD1F3C00DDBB8C /* Resources */ = {
			isa = PBXResourcesBuildPhase;
			buildActionMask = 2147483647;
			files = (
				A452AAE01BDD1F3C00DDBB8C /* LaunchScreen.storyboard in Resources */,
				A452AADD1BDD1F3C00DDBB8C /* Assets.xcassets in Resources */,
				A452AADB1BDD1F3C00DDBB8C /* Main.storyboard in Resources */,
			);
			runOnlyForDeploymentPostprocessing = 0;
		};
/* End PBXResourcesBuildPhase section */

/* Begin PBXSourcesBuildPhase section */
		A452AACE1BDD1F3C00DDBB8C /* Sources */ = {
			isa = PBXSourcesBuildPhase;
			buildActionMask = 2147483647;
			files = (
				A452AAD81BDD1F3C00DDBB8C /* ViewController.swift in Sources */,
				A452AAE81BDD1F8100DDBB8C /* ShakeTableViewCell.swift in Sources */,
				A452AAD61BDD1F3C00DDBB8C /* AppDelegate.swift in Sources */,
			);
			runOnlyForDeploymentPostprocessing = 0;
		};
/* End PBXSourcesBuildPhase section */

/* Begin PBXVariantGroup section */
		A452AAD91BDD1F3C00DDBB8C /* Main.storyboard */ = {
			isa = PBXVariantGroup;
			children = (
				A452AADA1BDD1F3C00DDBB8C /* Base */,
			);
			name = Main.storyboard;
			sourceTree = "<group>";
		};
		A452AADE1BDD1F3C00DDBB8C /* LaunchScreen.storyboard */ = {
			isa = PBXVariantGroup;
			children = (
				A452AADF1BDD1F3C00DDBB8C /* Base */,
			);
			name = LaunchScreen.storyboard;
			sourceTree = "<group>";
		};
/* End PBXVariantGroup section */

/* Begin XCBuildConfiguration section */
		A452AAE21BDD1F3C00DDBB8C /* Debug */ = {
			isa = XCBuildConfiguration;
			buildSettings = {
				ALWAYS_SEARCH_USER_PATHS = NO;
				CLANG_CXX_LANGUAGE_STANDARD = "gnu++0x";
				CLANG_CXX_LIBRARY = "libc++";
				CLANG_ENABLE_MODULES = YES;
				CLANG_ENABLE_OBJC_ARC = YES;
				CLANG_WARN_BOOL_CONVERSION = YES;
				CLANG_WARN_CONSTANT_CONVERSION = YES;
				CLANG_WARN_DIRECT_OBJC_ISA_USAGE = YES_ERROR;
				CLANG_WARN_EMPTY_BODY = YES;
				CLANG_WARN_ENUM_CONVERSION = YES;
				CLANG_WARN_INT_CONVERSION = YES;
				CLANG_WARN_OBJC_ROOT_CLASS = YES_ERROR;
				CLANG_WARN_UNREACHABLE_CODE = YES;
				CLANG_WARN__DUPLICATE_METHOD_MATCH = YES;
				"CODE_SIGN_IDENTITY[sdk=iphoneos*]" = "iPhone Developer";
				COPY_PHASE_STRIP = NO;
				DEBUG_INFORMATION_FORMAT = dwarf;
				ENABLE_STRICT_OBJC_MSGSEND = YES;
				ENABLE_TESTABILITY = YES;
				GCC_C_LANGUAGE_STANDARD = gnu99;
				GCC_DYNAMIC_NO_PIC = NO;
				GCC_NO_COMMON_BLOCKS = YES;
				GCC_OPTIMIZATION_LEVEL = 0;
				GCC_PREPROCESSOR_DEFINITIONS = (
					"DEBUG=1",
					"$(inherited)",
				);
				GCC_WARN_64_TO_32_BIT_CONVERSION = YES;
				GCC_WARN_ABOUT_RETURN_TYPE = YES_ERROR;
				GCC_WARN_UNDECLARED_SELECTOR = YES;
				GCC_WARN_UNINITIALIZED_AUTOS = YES_AGGRESSIVE;
				GCC_WARN_UNUSED_FUNCTION = YES;
				GCC_WARN_UNUSED_VARIABLE = YES;
				IPHONEOS_DEPLOYMENT_TARGET = 9.1;
				MTL_ENABLE_DEBUG_INFO = YES;
				ONLY_ACTIVE_ARCH = YES;
				SDKROOT = iphoneos;
				SWIFT_OPTIMIZATION_LEVEL = "-Onone";
				TARGETED_DEVICE_FAMILY = "1,2";
			};
			name = Debug;
		};
		A452AAE31BDD1F3C00DDBB8C /* Release */ = {
			isa = XCBuildConfiguration;
			buildSettings = {
				ALWAYS_SEARCH_USER_PATHS = NO;
				CLANG_CXX_LANGUAGE_STANDARD = "gnu++0x";
				CLANG_CXX_LIBRARY = "libc++";
				CLANG_ENABLE_MODULES = YES;
				CLANG_ENABLE_OBJC_ARC = YES;
				CLANG_WARN_BOOL_CONVERSION = YES;
				CLANG_WARN_CONSTANT_CONVERSION = YES;
				CLANG_WARN_DIRECT_OBJC_ISA_USAGE = YES_ERROR;
				CLANG_WARN_EMPTY_BODY = YES;
				CLANG_WARN_ENUM_CONVERSION = YES;
				CLANG_WARN_INT_CONVERSION = YES;
				CLANG_WARN_OBJC_ROOT_CLASS = YES_ERROR;
				CLANG_WARN_UNREACHABLE_CODE = YES;
				CLANG_WARN__DUPLICATE_METHOD_MATCH = YES;
				"CODE_SIGN_IDENTITY[sdk=iphoneos*]" = "iPhone Developer";
				COPY_PHASE_STRIP = NO;
				DEBUG_INFORMATION_FORMAT = "dwarf-with-dsym";
				ENABLE_NS_ASSERTIONS = NO;
				ENABLE_STRICT_OBJC_MSGSEND = YES;
				GCC_C_LANGUAGE_STANDARD = gnu99;
				GCC_NO_COMMON_BLOCKS = YES;
				GCC_WARN_64_TO_32_BIT_CONVERSION = YES;
				GCC_WARN_ABOUT_RETURN_TYPE = YES_ERROR;
				GCC_WARN_UNDECLARED_SELECTOR = YES;
				GCC_WARN_UNINITIALIZED_AUTOS = YES_AGGRESSIVE;
				GCC_WARN_UNUSED_FUNCTION = YES;
				GCC_WARN_UNUSED_VARIABLE = YES;
				IPHONEOS_DEPLOYMENT_TARGET = 9.1;
				MTL_ENABLE_DEBUG_INFO = NO;
				SDKROOT = iphoneos;
				TARGETED_DEVICE_FAMILY = "1,2";
				VALIDATE_PRODUCT = YES;
			};
			name = Release;
		};
		A452AAE51BDD1F3C00DDBB8C /* Debug */ = {
			isa = XCBuildConfiguration;
			buildSettings = {
				ASSETCATALOG_COMPILER_APPICON_NAME = AppIcon;
				INFOPLIST_FILE = ShakeCell/Info.plist;
				LD_RUNPATH_SEARCH_PATHS = "$(inherited) @executable_path/Frameworks";
				PRODUCT_BUNDLE_IDENTIFIER = com.Broccoli.ShakeCell;
				PRODUCT_NAME = "$(TARGET_NAME)";
			};
			name = Debug;
		};
		A452AAE61BDD1F3C00DDBB8C /* Release */ = {
			isa = XCBuildConfiguration;
			buildSettings = {
				ASSETCATALOG_COMPILER_APPICON_NAME = AppIcon;
				INFOPLIST_FILE = ShakeCell/Info.plist;
				LD_RUNPATH_SEARCH_PATHS = "$(inherited) @executable_path/Frameworks";
				PRODUCT_BUNDLE_IDENTIFIER = com.Broccoli.ShakeCell;
				PRODUCT_NAME = "$(TARGET_NAME)";
			};
			name = Release;
		};
/* End XCBuildConfiguration section */

/* Begin XCConfigurationList section */
		A452AACD1BDD1F3C00DDBB8C /* Build configuration list for PBXProject "ShakeCell" */ = {
			isa = XCConfigurationList;
			buildConfigurations = (
				A452AAE21BDD1F3C00DDBB8C /* Debug */,
				A452AAE31BDD1F3C00DDBB8C /* Release */,
			);
			defaultConfigurationIsVisible = 0;
			defaultConfigurationName = Release;
		};
		A452AAE41BDD1F3C00DDBB8C /* Build configuration list for PBXNativeTarget "ShakeCell" */ = {
			isa = XCConfigurationList;
			buildConfigurations = (
				A452AAE51BDD1F3C00DDBB8C /* Debug */,
				A452AAE61BDD1F3C00DDBB8C /* Release */,
			);
			defaultConfigurationIsVisible = 0;
		};
/* End XCConfigurationList section */
	};
	rootObject = A452AACA1BDD1F3C00DDBB8C /* Project object */;
}
